
Microsoft Visual Studio Solution File, Format Version 12.00
# Visual Studio Version 17
VisualStudioVersion = 17.13.35931.197 d17.13
MinimumVisualStudioVersion = 10.0.40219.1
Project("{FAE04EC0-301F-11D3-BF4B-00C04F79EFBC}") = "RabbitMQDemo", "RabbitMQDemo\RabbitMQDemo.csproj", "{941EC751-FF62-4F72-BBB4-9D133CE46DAE}"
EndProject
Global
	GlobalSection(SolutionConfigurationPlatforms) = preSolution
		Debug|Any CPU = Debug|Any CPU
		Release|Any CPU = Release|Any CPU
	EndGlobalSection
	GlobalSection(ProjectConfigurationPlatforms) = postSolution
		{941EC751-FF62-4F72-BBB4-9D133CE46DAE}.Debug|Any CPU.ActiveCfg = Debug|Any CPU
		{941EC751-FF62-4F72-BBB4-9D133CE46DAE}.Debug|Any CPU.Build.0 = Debug|Any CPU
		{941EC751-FF62-4F72-BBB4-9D133CE46DAE}.Release|Any CPU.ActiveCfg = Release|Any CPU
		{941EC751-FF62-4F72-BBB4-9D133CE46DAE}.Release|Any CPU.Build.0 = Release|Any CPU
	EndGlobalSection
	GlobalSection(SolutionProperties) = preSolution
		HideSolutionNode = FALSE
	EndGlobalSection
	GlobalSection(ExtensibilityGlobals) = postSolution
		SolutionGuid = {F4A21DE7-689B-4A4A-861C-6DED27F11217}
	EndGlobalSection
EndGlobal
